
Microsoft Visual Studio Solution File, Format Version 12.00
# Visual Studio Version 16
VisualStudioVersion = 16.0.30503.244
MinimumVisualStudioVersion = 10.0.40219.1
Project("{FAE04EC0-301F-11D3-BF4B-00C04F79EFBC}") = "WorkingWithFilesAndFolders", "WorkingWithFilesAndFolders\WorkingWithFilesAndFolders.csproj", "{69BF83FE-8D0C-45EA-911F-168C9BA4CCBA}"
EndProject
Global
	GlobalSection(SolutionConfigurationPlatforms) = preSolution
		Debug|Any CPU = Debug|Any CPU
		Release|Any CPU = Release|Any CPU
	EndGlobalSection
	GlobalSection(ProjectConfigurationPlatforms) = postSolution
		{69BF83FE-8D0C-45EA-911F-168C9BA4CCBA}.Debug|Any CPU.ActiveCfg = Debug|Any CPU
		{69BF83FE-8D0C-45EA-911F-168C9BA4CCBA}.Debug|Any CPU.Build.0 = Debug|Any CPU
		{69BF83FE-8D0C-45EA-911F-168C9BA4CCBA}.Release|Any CPU.ActiveCfg = Release|Any CPU
		{69BF83FE-8D0C-45EA-911F-168C9BA4CCBA}.Release|Any CPU.Build.0 = Release|Any CPU
	EndGlobalSection
	GlobalSection(SolutionProperties) = preSolution
		HideSolutionNode = FALSE
	EndGlobalSection
	GlobalSection(ExtensibilityGlobals) = postSolution
		SolutionGuid = {55704CA9-89BA-4949-B810-928BCDA7E24A}
	EndGlobalSection
EndGlobal
